
Microsoft Visual Studio Solution File, Format Version 12.00
# Visual Studio Version 17
VisualStudioVersion = 17.11.35312.102
MinimumVisualStudioVersion = 10.0.40219.1
Project("{FAE04EC0-301F-11D3-BF4B-00C04F79EFBC}") = "AppPaiements", "AppPaiements\AppPaiements.csproj", "{13807050-9585-4D1F-A98A-C78410DF4F55}"
EndProject
Global
	GlobalSection(SolutionConfigurationPlatforms) = preSolution
		Debug|Any CPU = Debug|Any CPU
		Release|Any CPU = Release|Any CPU
	EndGlobalSection
	GlobalSection(ProjectConfigurationPlatforms) = postSolution
		{13807050-9585-4D1F-A98A-C78410DF4F55}.Debug|Any CPU.ActiveCfg = Debug|Any CPU
		{13807050-9585-4D1F-A98A-C78410DF4F55}.Debug|Any CPU.Build.0 = Debug|Any CPU
		{13807050-9585-4D1F-A98A-C78410DF4F55}.Release|Any CPU.ActiveCfg = Release|Any CPU
		{13807050-9585-4D1F-A98A-C78410DF4F55}.Release|Any CPU.Build.0 = Release|Any CPU
	EndGlobalSection
	GlobalSection(SolutionProperties) = preSolution
		HideSolutionNode = FALSE
	EndGlobalSection
	GlobalSection(ExtensibilityGlobals) = postSolution
		SolutionGuid = {C9E782CE-F321-401B-9295-D7E6ED37203B}
	EndGlobalSection
EndGlobal
